PODS:
  - AFNetworking (3.2.1):
    - AFNetworking/NSURLSession (= 3.2.1)
    - AFNetworking/Reachability (= 3.2.1)
    - AFNetworking/Security (= 3.2.1)
    - AFNetworking/Serialization (= 3.2.1)
    - AFNetworking/UIKit (= 3.2.1)
  - AFNetworking/NSURLSession (3.2.1):
    - AFNetworking/Reachability
    - AFNetworking/Security
    - AFNetworking/Serialization
  - AFNetworking/Reachability (3.2.1)
  - AFNetworking/Security (3.2.1)
  - AFNetworking/Serialization (3.2.1)
  - AFNetworking/UIKit (3.2.1):
    - AFNetworking/NSURLSession
  - IQKeyboardManager (6.2.1)
  - Masonry (1.1.0)
  - SDWebImage (5.0.2):
    - SDWebImage/Core (= 5.0.2)
  - SDWebImage/Core (5.0.2)

DEPENDENCIES:
  - AFNetworking
  - IQKeyboardManager
  - Masonry
  - SDWebImage

SPEC REPOS:
  https://github.com/cocoapods/specs.git:
    - AFNetworking
    - IQKeyboardManager
    - Masonry
    - SDWebImage

SPEC CHECKSUMS:
  AFNetworking: b6f891fdfaed196b46c7a83cf209e09697b94057
  IQKeyboardManager: 964638372b4a61892cc74fdfa6fd26de8c9464a2
  Masonry: 678fab65091a9290e40e2832a55e7ab731aad201
  SDWebImage: 6764b5fa0f73c203728052955dbefa2bf1f33282

PODFILE CHECKSUM: 86a67e053366869b6b49f4e9ced00b36726f3760

COCOAPODS: 1.5.3
